# @generated - this file is auto-generated by `mise lock` https://mise.jdx.dev/dev-tools/mise-lock.html

lockfile_version = 3

[[tools.bun]]
version = "1.4.2"
backend = "core:bun"
specifiers = ["1.4.2"]

[tools.bun."platforms.linux-arm64"]
checksum = "sha256:54328bbc2d9c8e0c9f892c544d66c57a83b84139e34909e5ee81758f1ac8fda7"
url = "https://github.com/oven-sh/bun/releases/download/bun-v1.4.2/bun-linux-aarch64.zip"

[tools.bun."platforms.linux-arm64-musl"]
checksum = "sha256:71760b6c8ea30623b81a4907cb815d48e2ea266f2e73e751534a44a0607950df"
url = "https://github.com/oven-sh/bun/releases/download/bun-v1.4.2/bun-linux-aarch64-musl.zip"

[tools.bun."platforms.linux-x64"]
checksum = "sha256:36368faef7527875d5ffa52e53cd48021741f2a83eb6208a8dd64068d422a913"
url = "https://github.com/oven-sh/bun/releases/download/bun-v1.4.2/bun-linux-x64.zip"

[tools.bun."platforms.linux-x64-baseline"]
checksum = "sha256:c678040f14fe0440eb839d37cbd0ce4c051a32da72806ac97de6a6aab6bf728f"
url = "https://github.com/oven-sh/bun/releases/download/bun-v1.4.2/bun-linux-x64-baseline.zip"

[tools.bun."platforms.linux-x64-musl"]
checksum = "sha256:4835eca59d6da70f4674f5642f6e459dcadab773695b2ed9922d131057989742"
url = "https://github.com/oven-sh/bun/releases/download/bun-v1.4.2/bun-linux-x64-musl.zip"

[tools.bun."platforms.linux-x64-musl-baseline"]
checksum = "sha256:76e1db84e98f22f78de0a87e309bfbbf297732847f9720db36750646c85c8c18"
url = "https://github.com/oven-sh/bun/releases/download/bun-v1.4.2/bun-linux-x64-musl-baseline.zip"

[tools.bun."platforms.macos-arm64"]
checksum = "sha256:90987a3a16d7db556d886ac3d551e7b6d3edf0a1cf43acaed622e8676be1d12f"
url = "https://github.com/oven-sh/bun/releases/download/bun-v1.4.2/bun-darwin-aarch64.zip"

[tools.bun."platforms.macos-x64"]
checksum = "sha256:80520d7e17526308c9185d261679ac6d27798d3803a0e9f7ff9121ab8affb012"
url = "https://github.com/oven-sh/bun/releases/download/bun-v1.4.2/bun-darwin-x64.zip"

[tools.bun."platforms.macos-x64-baseline"]
checksum = "sha256:bad5bbd6cf14d0980d115f5954c9ff904df619d5e994d2da1ffccd3f316300b0"
url = "https://github.com/oven-sh/bun/releases/download/bun-v1.4.2/bun-darwin-x64-baseline.zip"

[tools.bun."platforms.windows-x64"]
checksum = "sha256:ce4c17497b2f29712a99d3d53f028de28cd42e3bacb8589599e7f000e49b6405"
url = "https://github.com/oven-sh/bun/releases/download/bun-v1.4.2/bun-windows-x64.zip"

[tools.bun."platforms.windows-x64-baseline"]
checksum = "sha256:78c221c2376f79731ccf4e4af0b3bb46d81fefa3296c5abee09ad8a1b21e68c6"
url = "https://github.com/oven-sh/bun/releases/download/bun-v1.4.2/bun-windows-x64-baseline.zip"

[[tools."github:wasm-bindgen/wasm-pack"]]
version = "0.15.0"
backend = "github:wasm-bindgen/wasm-pack"
specifiers = ["0.15.0"]

[tools."github:wasm-bindgen/wasm-pack".options]
matching = "wasm-pack-v"

[tools."github:wasm-bindgen/wasm-pack"."platforms.linux-arm64"]
checksum = "sha256:e17ef0806381c3a0acb9c9ddad643a49facaa5a2ecf657a421d4d8f3357a24b7"
url = "https://github.com/wasm-bindgen/wasm-pack/releases/download/v0.15.0/wasm-pack-v0.15.0-aarch64-unknown-linux-musl.tar.gz"
url_api = "https://api.github.com/repos/wasm-bindgen/wasm-pack/releases/assets/420850444"

[tools."github:wasm-bindgen/wasm-pack"."platforms.linux-x64"]
checksum = "sha256:c09f971ecaed9a2efc80fdcea7a00ef6b53c7fadc8c57d1f61b53a6aa66b668a"
url = "https://github.com/wasm-bindgen/wasm-pack/releases/download/v0.15.0/wasm-pack-v0.15.0-x86_64-unknown-linux-musl.tar.gz"
url_api = "https://api.github.com/repos/wasm-bindgen/wasm-pack/releases/assets/420850440"

[tools."github:wasm-bindgen/wasm-pack"."platforms.macos-arm64"]
checksum = "sha256:0abff4a03d670b6c00ea31d0e1608a72407e355f3d3765e9c30eb45cd5b7e318"
url = "https://github.com/wasm-bindgen/wasm-pack/releases/download/v0.15.0/wasm-pack-v0.15.0-aarch64-apple-darwin.tar.gz"
url_api = "https://api.github.com/repos/wasm-bindgen/wasm-pack/releases/assets/420850469"

[tools."github:wasm-bindgen/wasm-pack"."platforms.macos-x64"]
checksum = "sha256:d3f1a4a33e95f8f0d7801b024e08624c479999ac96aa150908b2394015cd0363"
url = "https://github.com/wasm-bindgen/wasm-pack/releases/download/v0.15.0/wasm-pack-v0.15.0-x86_64-apple-darwin.tar.gz"
url_api = "https://api.github.com/repos/wasm-bindgen/wasm-pack/releases/assets/420850460"

[tools."github:wasm-bindgen/wasm-pack"."platforms.windows-x64"]
checksum = "sha256:518dc51180c7bc864699c9279b3bc99025bc109123e0249a34ba34d130a509bf"
url = "https://github.com/wasm-bindgen/wasm-pack/releases/download/v0.15.0/wasm-pack-v0.15.0-x86_64-pc-windows-msvc.tar.gz"
url_api = "https://api.github.com/repos/wasm-bindgen/wasm-pack/releases/assets/420850448"

[[tools.rust]]
version = "1.99.0"
backend = "core:rust"
specifiers = ["1.99.0"]

[tools.rust.options]
components = "clippy,rustfmt"
profile = "minimal"
targets = "wasm32-unknown-unknown"
